
Microsoft Visual Studio Solution File, Format Version 12.00
# Visual Studio Version 17
VisualStudioVersion = 17.0.31903.59
MinimumVisualStudioVersion = 10.0.40219.1
Project("{2150E333-8FDC-42A3-9474-1A3956D46DE8}") = "tests", "tests", "{0AB3BF05-4346-4AA6-1389-037BE0695223}"
EndProject
Project("{FAE04EC0-301F-11D3-BF4B-00C04F79EFBC}") = "WorkshopLab.Tests", "tests\WorkshopLab.Tests\WorkshopLab.Tests.csproj", "{03AEC066-2CAC-479A-892B-DF006AFEA699}"
EndProject
Project("{2150E333-8FDC-42A3-9474-1A3956D46DE8}") = "src", "src", "{827E0CD3-B72D-47B6-A68D-7590B98EB39B}"
EndProject
Project("{2150E333-8FDC-42A3-9474-1A3956D46DE8}") = "Foundry", "Foundry", "{6E8686E1-71AB-E1BF-FC7E-DAD1E05B4F2D}"
EndProject
Project("{FAE04EC0-301F-11D3-BF4B-00C04F79EFBC}") = "WorkshopLab.AgentHost", "src\Foundry\WorkshopLab.AgentHost\WorkshopLab.AgentHost.csproj", "{9EA4D48F-C4E2-47E2-9824-B1E0A1512EBD}"
EndProject
Project("{FAE04EC0-301F-11D3-BF4B-00C04F79EFBC}") = "WorkshopLab.Core", "src\Foundry\WorkshopLab.Core\WorkshopLab.Core.csproj", "{AACD8B79-55A8-4CBB-9A8D-A137F5721049}"
EndProject
Project("{FAE04EC0-301F-11D3-BF4B-00C04F79EFBC}") = "WorkshopLab.FoundryDeployment", "src\Foundry\WorkshopLab.FoundryDeployment\WorkshopLab.FoundryDeployment.csproj", "{186790FA-BEF4-4BC4-B7AC-1E57A5FE0493}"
EndProject
Project("{FAE04EC0-301F-11D3-BF4B-00C04F79EFBC}") = "WorkshopLab.ChatUI", "src\Foundry\WorkshopLab.ChatUI\WorkshopLab.ChatUI.csproj", "{D7329E64-CAF5-49C2-AEFE-8AAD25B03AF2}"
EndProject
Project("{2150E333-8FDC-42A3-9474-1A3956D46DE8}") = "GitHubCopilot", "GitHubCopilot", "{CEB678B6-3BFF-086E-45C2-D95C846E8B8E}"
EndProject
Project("{FAE04EC0-301F-11D3-BF4B-00C04F79EFBC}") = "WorkshopLab.GitHubCopilot.Core", "src\GitHubCopilot\WorkshopLab.GitHubCopilot.Core\WorkshopLab.GitHubCopilot.Core.csproj", "{663A7D45-01A1-44F1-B477-E6C8D7D3D8D4}"
EndProject
Project("{FAE04EC0-301F-11D3-BF4B-00C04F79EFBC}") = "WorkshopLab.GitHubCopilot.AppHost", "src\GitHubCopilot\WorkshopLab.GitHubCopilot.AppHost\WorkshopLab.GitHubCopilot.AppHost.csproj", "{2447A277-5BA2-4C60-A7B4-3DA5F6B36579}"
EndProject
Project("{FAE04EC0-301F-11D3-BF4B-00C04F79EFBC}") = "WorkshopLab.GitHubCopilot.AGUI", "src\GitHubCopilot\WorkshopLab.GitHubCopilot.AGUI\WorkshopLab.GitHubCopilot.AGUI.csproj", "{106B1A1C-81DA-4C3E-99A1-B2BB1F236B88}"
EndProject
Project("{FAE04EC0-301F-11D3-BF4B-00C04F79EFBC}") = "WorkshopLab.GitHubCopilot.FoundryDeployment", "src\GitHubCopilot\WorkshopLab.GitHubCopilot.FoundryDeployment\WorkshopLab.GitHubCopilot.FoundryDeployment.csproj", "{900B4CF7-8CEB-4EEA-8EA3-EC8208CD12B9}"
EndProject
Global
	GlobalSection(SolutionConfigurationPlatforms) = preSolution
		Debug|Any CPU = Debug|Any CPU
		Debug|x64 = Debug|x64
		Debug|x86 = Debug|x86
		Release|Any CPU = Release|Any CPU
		Release|x64 = Release|x64
		Release|x86 = Release|x86
	EndGlobalSection
	GlobalSection(ProjectConfigurationPlatforms) = postSolution
		{03AEC066-2CAC-479A-892B-DF006AFEA699}.Debug|Any CPU.ActiveCfg = Debug|Any CPU
		{03AEC066-2CAC-479A-892B-DF006AFEA699}.Debug|Any CPU.Build.0 = Debug|Any CPU
		{03AEC066-2CAC-479A-892B-DF006AFEA699}.Debug|x64.ActiveCfg = Debug|Any CPU
		{03AEC066-2CAC-479A-892B-DF006AFEA699}.Debug|x64.Build.0 = Debug|Any CPU
		{03AEC066-2CAC-479A-892B-DF006AFEA699}.Debug|x86.ActiveCfg = Debug|Any CPU
		{03AEC066-2CAC-479A-892B-DF006AFEA699}.Debug|x86.Build.0 = Debug|Any CPU
		{03AEC066-2CAC-479A-892B-DF006AFEA699}.Release|Any CPU.ActiveCfg = Release|Any CPU
		{03AEC066-2CAC-479A-892B-DF006AFEA699}.Release|Any CPU.Build.0 = Release|Any CPU
		{03AEC066-2CAC-479A-892B-DF006AFEA699}.Release|x64.ActiveCfg = Release|Any CPU
		{03AEC066-2CAC-479A-892B-DF006AFEA699}.Release|x64.Build.0 = Release|Any CPU
		{03AEC066-2CAC-479A-892B-DF006AFEA699}.Release|x86.ActiveCfg = Release|Any CPU
		{03AEC066-2CAC-479A-892B-DF006AFEA699}.Release|x86.Build.0 = Release|Any CPU
		{9EA4D48F-C4E2-47E2-9824-B1E0A1512EBD}.Debug|Any CPU.ActiveCfg = Debug|Any CPU
		{9EA4D48F-C4E2-47E2-9824-B1E0A1512EBD}.Debug|Any CPU.Build.0 = Debug|Any CPU
		{9EA4D48F-C4E2-47E2-9824-B1E0A1512EBD}.Debug|x64.ActiveCfg = Debug|Any CPU
		{9EA4D48F-C4E2-47E2-9824-B1E0A1512EBD}.Debug|x64.Build.0 = Debug|Any CPU
		{9EA4D48F-C4E2-47E2-9824-B1E0A1512EBD}.Debug|x86.ActiveCfg = Debug|Any CPU
		{9EA4D48F-C4E2-47E2-9824-B1E0A1512EBD}.Debug|x86.Build.0 = Debug|Any CPU
		{9EA4D48F-C4E2-47E2-9824-B1E0A1512EBD}.Release|Any CPU.ActiveCfg = Release|Any CPU
		{9EA4D48F-C4E2-47E2-9824-B1E0A1512EBD}.Release|Any CPU.Build.0 = Release|Any CPU
		{9EA4D48F-C4E2-47E2-9824-B1E0A1512EBD}.Release|x64.ActiveCfg = Release|Any CPU
		{9EA4D48F-C4E2-47E2-9824-B1E0A1512EBD}.Release|x64.Build.0 = Release|Any CPU
		{9EA4D48F-C4E2-47E2-9824-B1E0A1512EBD}.Release|x86.ActiveCfg = Release|Any CPU
		{9EA4D48F-C4E2-47E2-9824-B1E0A1512EBD}.Release|x86.Build.0 = Release|Any CPU
		{AACD8B79-55A8-4CBB-9A8D-A137F5721049}.Debug|Any CPU.ActiveCfg = Debug|Any CPU
		{AACD8B79-55A8-4CBB-9A8D-A137F5721049}.Debug|Any CPU.Build.0 = Debug|Any CPU
		{AACD8B79-55A8-4CBB-9A8D-A137F5721049}.Debug|x64.ActiveCfg = Debug|Any CPU
		{AACD8B79-55A8-4CBB-9A8D-A137F5721049}.Debug|x64.Build.0 = Debug|Any CPU
		{AACD8B79-55A8-4CBB-9A8D-A137F5721049}.Debug|x86.ActiveCfg = Debug|Any CPU
		{AACD8B79-55A8-4CBB-9A8D-A137F5721049}.Debug|x86.Build.0 = Debug|Any CPU
		{AACD8B79-55A8-4CBB-9A8D-A137F5721049}.Release|Any CPU.ActiveCfg = Release|Any CPU
		{AACD8B79-55A8-4CBB-9A8D-A137F5721049}.Release|Any CPU.Build.0 = Release|Any CPU
		{AACD8B79-55A8-4CBB-9A8D-A137F5721049}.Release|x64.ActiveCfg = Release|Any CPU
		{AACD8B79-55A8-4CBB-9A8D-A137F5721049}.Release|x64.Build.0 = Release|Any CPU
		{AACD8B79-55A8-4CBB-9A8D-A137F5721049}.Release|x86.ActiveCfg = Release|Any CPU
		{AACD8B79-55A8-4CBB-9A8D-A137F5721049}.Release|x86.Build.0 = Release|Any CPU
		{186790FA-BEF4-4BC4-B7AC-1E57A5FE0493}.Debug|Any CPU.ActiveCfg = Debug|Any CPU
		{186790FA-BEF4-4BC4-B7AC-1E57A5FE0493}.Debug|Any CPU.Build.0 = Debug|Any CPU
		{186790FA-BEF4-4BC4-B7AC-1E57A5FE0493}.Debug|x64.ActiveCfg = Debug|Any CPU
		{186790FA-BEF4-4BC4-B7AC-1E57A5FE0493}.Debug|x64.Build.0 = Debug|Any CPU
		{186790FA-BEF4-4BC4-B7AC-1E57A5FE0493}.Debug|x86.ActiveCfg = Debug|Any CPU
		{186790FA-BEF4-4BC4-B7AC-1E57A5FE0493}.Debug|x86.Build.0 = Debug|Any CPU
		{186790FA-BEF4-4BC4-B7AC-1E57A5FE0493}.Release|Any CPU.ActiveCfg = Release|Any CPU
		{186790FA-BEF4-4BC4-B7AC-1E57A5FE0493}.Release|Any CPU.Build.0 = Release|Any CPU
		{186790FA-BEF4-4BC4-B7AC-1E57A5FE0493}.Release|x64.ActiveCfg = Release|Any CPU
		{186790FA-BEF4-4BC4-B7AC-1E57A5FE0493}.Release|x64.Build.0 = Release|Any CPU
		{186790FA-BEF4-4BC4-B7AC-1E57A5FE0493}.Release|x86.ActiveCfg = Release|Any CPU
		{186790FA-BEF4-4BC4-B7AC-1E57A5FE0493}.Release|x86.Build.0 = Release|Any CPU
		{D7329E64-CAF5-49C2-AEFE-8AAD25B03AF2}.Debug|Any CPU.ActiveCfg = Debug|Any CPU
		{D7329E64-CAF5-49C2-AEFE-8AAD25B03AF2}.Debug|Any CPU.Build.0 = Debug|Any CPU
		{D7329E64-CAF5-49C2-AEFE-8AAD25B03AF2}.Debug|x64.ActiveCfg = Debug|Any CPU
		{D7329E64-CAF5-49C2-AEFE-8AAD25B03AF2}.Debug|x64.Build.0 = Debug|Any CPU
		{D7329E64-CAF5-49C2-AEFE-8AAD25B03AF2}.Debug|x86.ActiveCfg = Debug|Any CPU
		{D7329E64-CAF5-49C2-AEFE-8AAD25B03AF2}.Debug|x86.Build.0 = Debug|Any CPU
		{D7329E64-CAF5-49C2-AEFE-8AAD25B03AF2}.Release|Any CPU.ActiveCfg = Release|Any CPU
		{D7329E64-CAF5-49C2-AEFE-8AAD25B03AF2}.Release|Any CPU.Build.0 = Release|Any CPU
		{D7329E64-CAF5-49C2-AEFE-8AAD25B03AF2}.Release|x64.ActiveCfg = Release|Any CPU
		{D7329E64-CAF5-49C2-AEFE-8AAD25B03AF2}.Release|x64.Build.0 = Release|Any CPU
		{D7329E64-CAF5-49C2-AEFE-8AAD25B03AF2}.Release|x86.ActiveCfg = Release|Any CPU
		{D7329E64-CAF5-49C2-AEFE-8AAD25B03AF2}.Release|x86.Build.0 = Release|Any CPU
		{663A7D45-01A1-44F1-B477-E6C8D7D3D8D4}.Debug|Any CPU.ActiveCfg = Debug|Any CPU
		{663A7D45-01A1-44F1-B477-E6C8D7D3D8D4}.Debug|Any CPU.Build.0 = Debug|Any CPU
		{663A7D45-01A1-44F1-B477-E6C8D7D3D8D4}.Debug|x64.ActiveCfg = Debug|Any CPU
		{663A7D45-01A1-44F1-B477-E6C8D7D3D8D4}.Debug|x64.Build.0 = Debug|Any CPU
		{663A7D45-01A1-44F1-B477-E6C8D7D3D8D4}.Debug|x86.ActiveCfg = Debug|Any CPU
		{663A7D45-01A1-44F1-B477-E6C8D7D3D8D4}.Debug|x86.Build.0 = Debug|Any CPU
		{663A7D45-01A1-44F1-B477-E6C8D7D3D8D4}.Release|Any CPU.ActiveCfg = Release|Any CPU
		{663A7D45-01A1-44F1-B477-E6C8D7D3D8D4}.Release|Any CPU.Build.0 = Release|Any CPU
		{663A7D45-01A1-44F1-B477-E6C8D7D3D8D4}.Release|x64.ActiveCfg = Release|Any CPU
		{663A7D45-01A1-44F1-B477-E6C8D7D3D8D4}.Release|x64.Build.0 = Release|Any CPU
		{663A7D45-01A1-44F1-B477-E6C8D7D3D8D4}.Release|x86.ActiveCfg = Release|Any CPU
		{663A7D45-01A1-44F1-B477-E6C8D7D3D8D4}.Release|x86.Build.0 = Release|Any CPU
		{2447A277-5BA2-4C60-A7B4-3DA5F6B36579}.Debug|Any CPU.ActiveCfg = Debug|Any CPU
		{2447A277-5BA2-4C60-A7B4-3DA5F6B36579}.Debug|Any CPU.Build.0 = Debug|Any CPU
		{2447A277-5BA2-4C60-A7B4-3DA5F6B36579}.Debug|x64.ActiveCfg = Debug|Any CPU
		{2447A277-5BA2-4C60-A7B4-3DA5F6B36579}.Debug|x64.Build.0 = Debug|Any CPU
		{2447A277-5BA2-4C60-A7B4-3DA5F6B36579}.Debug|x86.ActiveCfg = Debug|Any CPU
		{2447A277-5BA2-4C60-A7B4-3DA5F6B36579}.Debug|x86.Build.0 = Debug|Any CPU
		{2447A277-5BA2-4C60-A7B4-3DA5F6B36579}.Release|Any CPU.ActiveCfg = Release|Any CPU
		{2447A277-5BA2-4C60-A7B4-3DA5F6B36579}.Release|Any CPU.Build.0 = Release|Any CPU
		{2447A277-5BA2-4C60-A7B4-3DA5F6B36579}.Release|x64.ActiveCfg = Release|Any CPU
		{2447A277-5BA2-4C60-A7B4-3DA5F6B36579}.Release|x64.Build.0 = Release|Any CPU
		{2447A277-5BA2-4C60-A7B4-3DA5F6B36579}.Release|x86.ActiveCfg = Release|Any CPU
		{2447A277-5BA2-4C60-A7B4-3DA5F6B36579}.Release|x86.Build.0 = Release|Any CPU
		{106B1A1C-81DA-4C3E-99A1-B2BB1F236B88}.Debug|Any CPU.ActiveCfg = Debug|Any CPU
		{106B1A1C-81DA-4C3E-99A1-B2BB1F236B88}.Debug|Any CPU.Build.0 = Debug|Any CPU
		{106B1A1C-81DA-4C3E-99A1-B2BB1F236B88}.Debug|x64.ActiveCfg = Debug|Any CPU
		{106B1A1C-81DA-4C3E-99A1-B2BB1F236B88}.Debug|x64.Build.0 = Debug|Any CPU
		{106B1A1C-81DA-4C3E-99A1-B2BB1F236B88}.Debug|x86.ActiveCfg = Debug|Any CPU
		{106B1A1C-81DA-4C3E-99A1-B2BB1F236B88}.Debug|x86.Build.0 = Debug|Any CPU
		{106B1A1C-81DA-4C3E-99A1-B2BB1F236B88}.Release|Any CPU.ActiveCfg = Release|Any CPU
		{106B1A1C-81DA-4C3E-99A1-B2BB1F236B88}.Release|Any CPU.Build.0 = Release|Any CPU
		{106B1A1C-81DA-4C3E-99A1-B2BB1F236B88}.Release|x64.ActiveCfg = Release|Any CPU
		{106B1A1C-81DA-4C3E-99A1-B2BB1F236B88}.Release|x64.Build.0 = Release|Any CPU
		{106B1A1C-81DA-4C3E-99A1-B2BB1F236B88}.Release|x86.ActiveCfg = Release|Any CPU
		{106B1A1C-81DA-4C3E-99A1-B2BB1F236B88}.Release|x86.Build.0 = Release|Any CPU
		{900B4CF7-8CEB-4EEA-8EA3-EC8208CD12B9}.Debug|Any CPU.ActiveCfg = Debug|Any CPU
		{900B4CF7-8CEB-4EEA-8EA3-EC8208CD12B9}.Debug|Any CPU.Build.0 = Debug|Any CPU
		{900B4CF7-8CEB-4EEA-8EA3-EC8208CD12B9}.Debug|x64.ActiveCfg = Debug|Any CPU
		{900B4CF7-8CEB-4EEA-8EA3-EC8208CD12B9}.Debug|x64.Build.0 = Debug|Any CPU
		{900B4CF7-8CEB-4EEA-8EA3-EC8208CD12B9}.Debug|x86.ActiveCfg = Debug|Any CPU
		{900B4CF7-8CEB-4EEA-8EA3-EC8208CD12B9}.Debug|x86.Build.0 = Debug|Any CPU
		{900B4CF7-8CEB-4EEA-8EA3-EC8208CD12B9}.Release|Any CPU.ActiveCfg = Release|Any CPU
		{900B4CF7-8CEB-4EEA-8EA3-EC8208CD12B9}.Release|Any CPU.Build.0 = Release|Any CPU
		{900B4CF7-8CEB-4EEA-8EA3-EC8208CD12B9}.Release|x64.ActiveCfg = Release|Any CPU
		{900B4CF7-8CEB-4EEA-8EA3-EC8208CD12B9}.Release|x64.Build.0 = Release|Any CPU
		{900B4CF7-8CEB-4EEA-8EA3-EC8208CD12B9}.Release|x86.ActiveCfg = Release|Any CPU
		{900B4CF7-8CEB-4EEA-8EA3-EC8208CD12B9}.Release|x86.Build.0 = Release|Any CPU
	EndGlobalSection
	GlobalSection(SolutionProperties) = preSolution
		HideSolutionNode = FALSE
	EndGlobalSection
	GlobalSection(NestedProjects) = preSolution
		{03AEC066-2CAC-479A-892B-DF006AFEA699} = {0AB3BF05-4346-4AA6-1389-037BE0695223}
		{6E8686E1-71AB-E1BF-FC7E-DAD1E05B4F2D} = {827E0CD3-B72D-47B6-A68D-7590B98EB39B}
		{9EA4D48F-C4E2-47E2-9824-B1E0A1512EBD} = {6E8686E1-71AB-E1BF-FC7E-DAD1E05B4F2D}
		{AACD8B79-55A8-4CBB-9A8D-A137F5721049} = {6E8686E1-71AB-E1BF-FC7E-DAD1E05B4F2D}
		{186790FA-BEF4-4BC4-B7AC-1E57A5FE0493} = {6E8686E1-71AB-E1BF-FC7E-DAD1E05B4F2D}
		{D7329E64-CAF5-49C2-AEFE-8AAD25B03AF2} = {6E8686E1-71AB-E1BF-FC7E-DAD1E05B4F2D}
		{CEB678B6-3BFF-086E-45C2-D95C846E8B8E} = {827E0CD3-B72D-47B6-A68D-7590B98EB39B}
		{663A7D45-01A1-44F1-B477-E6C8D7D3D8D4} = {CEB678B6-3BFF-086E-45C2-D95C846E8B8E}
		{2447A277-5BA2-4C60-A7B4-3DA5F6B36579} = {CEB678B6-3BFF-086E-45C2-D95C846E8B8E}
		{106B1A1C-81DA-4C3E-99A1-B2BB1F236B88} = {CEB678B6-3BFF-086E-45C2-D95C846E8B8E}
		{900B4CF7-8CEB-4EEA-8EA3-EC8208CD12B9} = {CEB678B6-3BFF-086E-45C2-D95C846E8B8E}
	EndGlobalSection
EndGlobal
